
Microsoft Visual Studio Solution File, Format Version 12.00
# Visual Studio 14
VisualStudioVersion = 14.0.23107.0
MinimumVisualStudioVersion = 10.0.40219.1
Project("{FAE04EC0-301F-11D3-BF4B-00C04F79EFBC}") = "lnnwrkswbstr", "lnnwrkswbstr\lnnwrkswbstr.csproj", "{2C18A0EC-7F09-48C3-8EDA-A5F35A46B432}"
EndProject
Project("{FAE04EC0-301F-11D3-BF4B-00C04F79EFBC}") = "Linnworks.DAL", "Linnworks.DAL\Linnworks.DAL.csproj", "{7D7523FC-CA44-4A1D-A0CE-33A4BB96FC5F}"
EndProject
Project("{FAE04EC0-301F-11D3-BF4B-00C04F79EFBC}") = "Linnworks.Cache", "Linnworks.Cache\Linnworks.Cache.csproj", "{9C2488C8-427D-431F-8004-61932B18096C}"
EndProject
Project("{FAE04EC0-301F-11D3-BF4B-00C04F79EFBC}") = "Linnworks.Service.Cache", "Linnworks.Service.Cache\Linnworks.Service.Cache.csproj", "{7DD81A9C-593B-4C11-B07B-508D3EED7AF3}"
EndProject
Project("{FAE04EC0-301F-11D3-BF4B-00C04F79EFBC}") = "Redis.WIndowsService", "Redis.WIndowsService\Redis.WIndowsService.csproj", "{5AA832D6-FF84-4417-9289-54D9D560B6DE}"
	ProjectSection(ProjectDependencies) = postProject
		{7DD81A9C-593B-4C11-B07B-508D3EED7AF3} = {7DD81A9C-593B-4C11-B07B-508D3EED7AF3}
	EndProjectSection
EndProject
Project("{FAE04EC0-301F-11D3-BF4B-00C04F79EFBC}") = "linn.admin", "linn.admin\linn.admin.csproj", "{07630272-FA3C-47F5-87ED-BD8405B8E12C}"
EndProject
Global
	GlobalSection(SolutionConfigurationPlatforms) = preSolution
		Debug|Any CPU = Debug|Any CPU
		Release|Any CPU = Release|Any CPU
	EndGlobalSection
	GlobalSection(ProjectConfigurationPlatforms) = postSolution
		{2C18A0EC-7F09-48C3-8EDA-A5F35A46B432}.Debug|Any CPU.ActiveCfg = Debug|Any CPU
		{2C18A0EC-7F09-48C3-8EDA-A5F35A46B432}.Debug|Any CPU.Build.0 = Debug|Any CPU
		{2C18A0EC-7F09-48C3-8EDA-A5F35A46B432}.Release|Any CPU.ActiveCfg = Release|Any CPU
		{2C18A0EC-7F09-48C3-8EDA-A5F35A46B432}.Release|Any CPU.Build.0 = Release|Any CPU
		{7D7523FC-CA44-4A1D-A0CE-33A4BB96FC5F}.Debug|Any CPU.ActiveCfg = Debug|Any CPU
		{7D7523FC-CA44-4A1D-A0CE-33A4BB96FC5F}.Debug|Any CPU.Build.0 = Debug|Any CPU
		{7D7523FC-CA44-4A1D-A0CE-33A4BB96FC5F}.Release|Any CPU.ActiveCfg = Release|Any CPU
		{7D7523FC-CA44-4A1D-A0CE-33A4BB96FC5F}.Release|Any CPU.Build.0 = Release|Any CPU
		{9C2488C8-427D-431F-8004-61932B18096C}.Debug|Any CPU.ActiveCfg = Debug|Any CPU
		{9C2488C8-427D-431F-8004-61932B18096C}.Debug|Any CPU.Build.0 = Debug|Any CPU
		{9C2488C8-427D-431F-8004-61932B18096C}.Release|Any CPU.ActiveCfg = Release|Any CPU
		{9C2488C8-427D-431F-8004-61932B18096C}.Release|Any CPU.Build.0 = Release|Any CPU
		{7DD81A9C-593B-4C11-B07B-508D3EED7AF3}.Debug|Any CPU.ActiveCfg = Debug|Any CPU
		{7DD81A9C-593B-4C11-B07B-508D3EED7AF3}.Debug|Any CPU.Build.0 = Debug|Any CPU
		{7DD81A9C-593B-4C11-B07B-508D3EED7AF3}.Release|Any CPU.ActiveCfg = Release|Any CPU
		{7DD81A9C-593B-4C11-B07B-508D3EED7AF3}.Release|Any CPU.Build.0 = Release|Any CPU
		{5AA832D6-FF84-4417-9289-54D9D560B6DE}.Debug|Any CPU.ActiveCfg = Debug|Any CPU
		{5AA832D6-FF84-4417-9289-54D9D560B6DE}.Debug|Any CPU.Build.0 = Debug|Any CPU
		{5AA832D6-FF84-4417-9289-54D9D560B6DE}.Release|Any CPU.ActiveCfg = Release|Any CPU
		{5AA832D6-FF84-4417-9289-54D9D560B6DE}.Release|Any CPU.Build.0 = Release|Any CPU
		{07630272-FA3C-47F5-87ED-BD8405B8E12C}.Debug|Any CPU.ActiveCfg = Debug|Any CPU
		{07630272-FA3C-47F5-87ED-BD8405B8E12C}.Debug|Any CPU.Build.0 = Debug|Any CPU
		{07630272-FA3C-47F5-87ED-BD8405B8E12C}.Release|Any CPU.ActiveCfg = Release|Any CPU
		{07630272-FA3C-47F5-87ED-BD8405B8E12C}.Release|Any CPU.Build.0 = Release|Any CPU
	EndGlobalSection
	GlobalSection(SolutionProperties) = preSolution
		HideSolutionNode = FALSE
	EndGlobalSection
EndGlobal
